// !$*UTF8*$!
{
	archiveVersion = 1;
	classes = {
	};
	objectVersion = 51;
	objects = {

/* Begin PBXBuildFile section */
		640A336F25CD46CE00CDC698 /* AppDelegate.swift in Sources */ = {isa = PBXBuildFile; fileRef = 640A336E25CD46CE00CDC698 /* AppDelegate.swift */; };
		640A337825CD46D200CDC698 /* Assets.xcassets in Resources */ = {isa = PBXBuildFile; fileRef = 640A337725CD46D200CDC698 /* Assets.xcassets */; };
		640A337B25CD46D200CDC698 /* LaunchScreen.storyboard in Resources */ = {isa = PBXBuildFile; fileRef = 640A337925CD46D200CDC698 /* LaunchScreen.storyboard */; };
		640A338625CD529B00CDC698 /* Extensions.swift in Sources */ = {isa = PBXBuildFile; fileRef = 640A338525CD529B00CDC698 /* Extensions.swift */; };
		640A338925CD52C000CDC698 /* Constants.swift in Sources */ = {isa = PBXBuildFile; fileRef = 640A338825CD52C000CDC698 /* Constants.swift */; };
		640EE27825DD3DE500DC7E31 /* MapVC.swift in Sources */ = {isa = PBXBuildFile; fileRef = 640EE27625DD3DE500DC7E31 /* MapVC.swift */; };
		640EE27925DD3DE500DC7E31 /* MapVC.xib in Resources */ = {isa = PBXBuildFile; fileRef = 640EE27725DD3DE500DC7E31 /* MapVC.xib */; };
		6461EC6F25D12FFE0090B1DB /* LoginVC.swift in Sources */ = {isa = PBXBuildFile; fileRef = 6461EC6D25D12FFE0090B1DB /* LoginVC.swift */; };
		6461EC7025D12FFE0090B1DB /* LoginVC.xib in Resources */ = {isa = PBXBuildFile; fileRef = 6461EC6E25D12FFE0090B1DB /* LoginVC.xib */; };
		6461EC7C25D133A20090B1DB /* Navigator.swift in Sources */ = {isa = PBXBuildFile; fileRef = 6461EC7B25D133A20090B1DB /* Navigator.swift */; };
		6477BE5425D67D44009B552B /* ListPresenter.swift in Sources */ = {isa = PBXBuildFile; fileRef = 6477BE5325D67D44009B552B /* ListPresenter.swift */; };
		64998A9D25DE83B50078B016 /* SecondScreenVC.swift in Sources */ = {isa = PBXBuildFile; fileRef = 64998A9B25DE83B50078B016 /* SecondScreenVC.swift */; };
		64998AA925DE893E0078B016 /* SecondScreenVC.xib in Resources */ = {isa = PBXBuildFile; fileRef = 64998A9C25DE83B50078B016 /* SecondScreenVC.xib */; };
		649FFF0925DBC4B3002D615D /* LZViewPagerHeader.swift in Sources */ = {isa = PBXBuildFile; fileRef = 649FFF0625DBC4B3002D615D /* LZViewPagerHeader.swift */; };
		649FFF0A25DBC4B3002D615D /* LZViewPagger.swift in Sources */ = {isa = PBXBuildFile; fileRef = 649FFF0725DBC4B3002D615D /* LZViewPagger.swift */; };
		649FFF0B25DBC4B3002D615D /* LZViewPagerContent.swift in Sources */ = {isa = PBXBuildFile; fileRef = 649FFF0825DBC4B3002D615D /* LZViewPagerContent.swift */; };
		64B72A4925D3EE7B0010D2DA /* SiteDetailVC.swift in Sources */ = {isa = PBXBuildFile; fileRef = 64B72A4725D3EE7B0010D2DA /* SiteDetailVC.swift */; };
		64B72A4A25D3EE7B0010D2DA /* SiteDetailVC.xib in Resources */ = {isa = PBXBuildFile; fileRef = 64B72A4825D3EE7B0010D2DA /* SiteDetailVC.xib */; };
		64BD011A25DFB08C0060C58E /* Site.swift in Sources */ = {isa = PBXBuildFile; fileRef = 64BD011925DFB08C0060C58E /* Site.swift */; };
		64BD011D25DFD5810060C58E /* SiteDetail.swift in Sources */ = {isa = PBXBuildFile; fileRef = 64BD011C25DFD5810060C58E /* SiteDetail.swift */; };
		64D7F2FD25D15A81004A27D1 /* ListVC.swift in Sources */ = {isa = PBXBuildFile; fileRef = 64D7F2FB25D15A81004A27D1 /* ListVC.swift */; };
		64D7F2FE25D15A81004A27D1 /* ListVC.xib in Resources */ = {isa = PBXBuildFile; fileRef = 64D7F2FC25D15A81004A27D1 /* ListVC.xib */; };
		64D7F30425D15AB9004A27D1 /* SiteTableViewCell.swift in Sources */ = {isa = PBXBuildFile; fileRef = 64D7F30225D15AB9004A27D1 /* SiteTableViewCell.swift */; };
		64D7F30525D15AB9004A27D1 /* SiteTableViewCell.xib in Resources */ = {isa = PBXBuildFile; fileRef = 64D7F30325D15AB9004A27D1 /* SiteTableViewCell.xib */; };
		64DED78225D5426F00CE1DF6 /* LoginPresenter.swift in Sources */ = {isa = PBXBuildFile; fileRef = 64DED78125D5426F00CE1DF6 /* LoginPresenter.swift */; };
		C1C2253DDDE08A1638EA3DDC /* Pods_Tutorial_iOS.framework in Frameworks */ = {isa = PBXBuildFile; fileRef = E16BC493D5DB6C768E0633F6 /* Pods_Tutorial_iOS.framework */; };
/* End PBXBuildFile section */

/* Begin PBXFileReference section */
		387DFB836E44E37FAD0825EC /* Pods-Tutorial_iOS.debug.xcconfig */ = {isa = PBXFileReference; includeInIndex = 1; lastKnownFileType = text.xcconfig; name = "Pods-Tutorial_iOS.debug.xcconfig"; path = "Target Support Files/Pods-Tutorial_iOS/Pods-Tutorial_iOS.debug.xcconfig"; sourceTree = "<group>"; };
		640A336B25CD46CE00CDC698 /* Tutorial_iOS.app */ = {isa = PBXFileReference; explicitFileType = wrapper.application; includeInIndex = 0; path = Tutorial_iOS.app; sourceTree = BUILT_PRODUCTS_DIR; };
		640A336E25CD46CE00CDC698 /* AppDelegate.swift */ = {isa = PBXFileReference; lastKnownFileType = sourcecode.swift; path = AppDelegate.swift; sourceTree = "<group>"; };
		640A337725CD46D200CDC698 /* Assets.xcassets */ = {isa = PBXFileReference; lastKnownFileType = folder.assetcatalog; path = Assets.xcassets; sourceTree = "<group>"; };
		640A337A25CD46D200CDC698 /* Base */ = {isa = PBXFileReference; lastKnownFileType = file.storyboard; name = Base; path = Base.lproj/LaunchScreen.storyboard; sourceTree = "<group>"; };
		640A337C25CD46D200CDC698 /* Info.plist */ = {isa = PBXFileReference; lastKnownFileType = text.plist.xml; path = Info.plist; sourceTree = "<group>"; };
		640A338525CD529B00CDC698 /* Extensions.swift */ = {isa = PBXFileReference; lastKnownFileType = sourcecode.swift; path = Extensions.swift; sourceTree = "<group>"; };
		640A338825CD52C000CDC698 /* Constants.swift */ = {isa = PBXFileReference; lastKnownFileType = sourcecode.swift; path = Constants.swift; sourceTree = "<group>"; };
		640EE27625DD3DE500DC7E31 /* MapVC.swift */ = {isa = PBXFileReference; lastKnownFileType = sourcecode.swift; path = MapVC.swift; sourceTree = "<group>"; };
		640EE27725DD3DE500DC7E31 /* MapVC.xib */ = {isa = PBXFileReference; lastKnownFileType = file.xib; path = MapVC.xib; sourceTree = "<group>"; };
		6461EC6D25D12FFE0090B1DB /* LoginVC.swift */ = {isa = PBXFileReference; lastKnownFileType = sourcecode.swift; path = LoginVC.swift; sourceTree = "<group>"; };
		6461EC6E25D12FFE0090B1DB /* LoginVC.xib */ = {isa = PBXFileReference; lastKnownFileType = file.xib; path = LoginVC.xib; sourceTree = "<group>"; };
		6461EC7B25D133A20090B1DB /* Navigator.swift */ = {isa = PBXFileReference; lastKnownFileType = sourcecode.swift; path = Navigator.swift; sourceTree = "<group>"; };
		6477BE5325D67D44009B552B /* ListPresenter.swift */ = {isa = PBXFileReference; lastKnownFileType = sourcecode.swift; path = ListPresenter.swift; sourceTree = "<group>"; };
		64998A9B25DE83B50078B016 /* SecondScreenVC.swift */ = {isa = PBXFileReference; lastKnownFileType = sourcecode.swift; path = SecondScreenVC.swift; sourceTree = "<group>"; };
		64998A9C25DE83B50078B016 /* SecondScreenVC.xib */ = {isa = PBXFileReference; lastKnownFileType = file.xib; path = SecondScreenVC.xib; sourceTree = "<group>"; };
		649FFF0625DBC4B3002D615D /* LZViewPagerHeader.swift */ = {isa = PBXFileReference; fileEncoding = 4; lastKnownFileType = sourcecode.swift; path = LZViewPagerHeader.swift; sourceTree = "<group>"; };
		649FFF0725DBC4B3002D615D /* LZViewPagger.swift */ = {isa = PBXFileReference; fileEncoding = 4; lastKnownFileType = sourcecode.swift; path = LZViewPagger.swift; sourceTree = "<group>"; };
		649FFF0825DBC4B3002D615D /* LZViewPagerContent.swift */ = {isa = PBXFileReference; fileEncoding = 4; lastKnownFileType = sourcecode.swift; path = LZViewPagerContent.swift; sourceTree = "<group>"; };
		64B72A4725D3EE7B0010D2DA /* SiteDetailVC.swift */ = {isa = PBXFileReference; lastKnownFileType = sourcecode.swift; path = SiteDetailVC.swift; sourceTree = "<group>"; };
		64B72A4825D3EE7B0010D2DA /* SiteDetailVC.xib */ = {isa = PBXFileReference; lastKnownFileType = file.xib; path = SiteDetailVC.xib; sourceTree = "<group>"; };
		64BD011925DFB08C0060C58E /* Site.swift */ = {isa = PBXFileReference; lastKnownFileType = sourcecode.swift; path = Site.swift; sourceTree = "<group>"; };
		64BD011C25DFD5810060C58E /* SiteDetail.swift */ = {isa = PBXFileReference; lastKnownFileType = sourcecode.swift; path = SiteDetail.swift; sourceTree = "<group>"; };
		64D7F2FB25D15A81004A27D1 /* ListVC.swift */ = {isa = PBXFileReference; lastKnownFileType = sourcecode.swift; path = ListVC.swift; sourceTree = "<group>"; };
		64D7F2FC25D15A81004A27D1 /* ListVC.xib */ = {isa = PBXFileReference; lastKnownFileType = file.xib; path = ListVC.xib; sourceTree = "<group>"; };
		64D7F30225D15AB9004A27D1 /* SiteTableViewCell.swift */ = {isa = PBXFileReference; lastKnownFileType = sourcecode.swift; path = SiteTableViewCell.swift; sourceTree = "<group>"; };
		64D7F30325D15AB9004A27D1 /* SiteTableViewCell.xib */ = {isa = PBXFileReference; lastKnownFileType = file.xib; path = SiteTableViewCell.xib; sourceTree = "<group>"; };
		64DED78125D5426F00CE1DF6 /* LoginPresenter.swift */ = {isa = PBXFileReference; lastKnownFileType = sourcecode.swift; path = LoginPresenter.swift; sourceTree = "<group>"; };
		675298423D6AD32681D1E4C1 /* Pods-Tutorial_iOS.release.xcconfig */ = {isa = PBXFileReference; includeInIndex = 1; lastKnownFileType = text.xcconfig; name = "Pods-Tutorial_iOS.release.xcconfig"; path = "Target Support Files/Pods-Tutorial_iOS/Pods-Tutorial_iOS.release.xcconfig"; sourceTree = "<group>"; };
		E16BC493D5DB6C768E0633F6 /* Pods_Tutorial_iOS.framework */ = {isa = PBXFileReference; explicitFileType = wrapper.framework; includeInIndex = 0; path = Pods_Tutorial_iOS.framework; sourceTree = BUILT_PRODUCTS_DIR; };
/* End PBXFileReference section */

/* Begin PBXFrameworksBuildPhase section */
		640A336825CD46CE00CDC698 /* Frameworks */ = {
			isa = PBXFrameworksBuildPhase;
			buildActionMask = 2147483647;
			files = (
				C1C2253DDDE08A1638EA3DDC /* Pods_Tutorial_iOS.framework in Frameworks */,
			);
			runOnlyForDeploymentPostprocessing = 0;
		};
/* End PBXFrameworksBuildPhase section */

/* Begin PBXGroup section */
		640A336225CD46CE00CDC698 = {
			isa = PBXGroup;
			children = (
				640A336D25CD46CE00CDC698 /* Tutorial_iOS */,
				640A336C25CD46CE00CDC698 /* Products */,
				A58E372DB4D16995CA9791CD /* Pods */,
				D61F32AD66FD5585D3F7A285 /* Frameworks */,
			);
			sourceTree = "<group>";
		};
		640A336C25CD46CE00CDC698 /* Products */ = {
			isa = PBXGroup;
			children = (
				640A336B25CD46CE00CDC698 /* Tutorial_iOS.app */,
			);
			name = Products;
			sourceTree = "<group>";
		};
		640A336D25CD46CE00CDC698 /* Tutorial_iOS */ = {
			isa = PBXGroup;
			children = (
				64DED78025D5310600CE1DF6 /* models */,
				64DED77F25D530F000CE1DF6 /* presenters */,
				6461EC7A25D1338D0090B1DB /* navigator */,
				640A339025CD5E6300CDC698 /* viewcontrollers */,
				640A338425CD528E00CDC698 /* utils */,
				640A336E25CD46CE00CDC698 /* AppDelegate.swift */,
				640A337725CD46D200CDC698 /* Assets.xcassets */,
				640A337925CD46D200CDC698 /* LaunchScreen.storyboard */,
				640A337C25CD46D200CDC698 /* Info.plist */,
			);
			path = Tutorial_iOS;
			sourceTree = "<group>";
		};
		640A338425CD528E00CDC698 /* utils */ = {
			isa = PBXGroup;
			children = (
				640A338525CD529B00CDC698 /* Extensions.swift */,
				640A338825CD52C000CDC698 /* Constants.swift */,
			);
			path = utils;
			sourceTree = "<group>";
		};
		640A339025CD5E6300CDC698 /* viewcontrollers */ = {
			isa = PBXGroup;
			children = (
				649FFF1625DBC524002D615D /* map */,
				64B72A4325D3DD3C0010D2DA /* detail */,
				64D7F2FA25D15A69004A27D1 /* list */,
				64D7F2F925D15A5A004A27D1 /* login */,
			);
			path = viewcontrollers;
			sourceTree = "<group>";
		};
		6461EC7A25D1338D0090B1DB /* navigator */ = {
			isa = PBXGroup;
			children = (
				6461EC7B25D133A20090B1DB /* Navigator.swift */,
			);
			path = navigator;
			sourceTree = "<group>";
		};
		6477BE5625D683D2009B552B /* container */ = {
			isa = PBXGroup;
			children = (
				64998A9B25DE83B50078B016 /* SecondScreenVC.swift */,
				64998A9C25DE83B50078B016 /* SecondScreenVC.xib */,
				649FFF0425DBC49B002D615D /* viewpager */,
			);
			path = container;
			sourceTree = "<group>";
		};
		649FFF0425DBC49B002D615D /* viewpager */ = {
			isa = PBXGroup;
			children = (
				649FFF0825DBC4B3002D615D /* LZViewPagerContent.swift */,
				649FFF0625DBC4B3002D615D /* LZViewPagerHeader.swift */,
				649FFF0725DBC4B3002D615D /* LZViewPagger.swift */,
			);
			path = viewpager;
			sourceTree = "<group>";
		};
		649FFF1625DBC524002D615D /* map */ = {
			isa = PBXGroup;
			children = (
				640EE27625DD3DE500DC7E31 /* MapVC.swift */,
				640EE27725DD3DE500DC7E31 /* MapVC.xib */,
			);
			path = map;
			sourceTree = "<group>";
		};
		64B72A4325D3DD3C0010D2DA /* detail */ = {
			isa = PBXGroup;
			children = (
				64B72A4725D3EE7B0010D2DA /* SiteDetailVC.swift */,
				64B72A4825D3EE7B0010D2DA /* SiteDetailVC.xib */,
			);
			path = detail;
			sourceTree = "<group>";
		};
		64D7F2F925D15A5A004A27D1 /* login */ = {
			isa = PBXGroup;
			children = (
				6461EC6D25D12FFE0090B1DB /* LoginVC.swift */,
				6461EC6E25D12FFE0090B1DB /* LoginVC.xib */,
			);
			path = login;
			sourceTree = "<group>";
		};
		64D7F2FA25D15A69004A27D1 /* list */ = {
			isa = PBXGroup;
			children = (
				6477BE5625D683D2009B552B /* container */,
				64D7F30025D15A84004A27D1 /* cell */,
				64D7F2FB25D15A81004A27D1 /* ListVC.swift */,
				64D7F2FC25D15A81004A27D1 /* ListVC.xib */,
			);
			path = list;
			sourceTree = "<group>";
		};
		64D7F30025D15A84004A27D1 /* cell */ = {
			isa = PBXGroup;
			children = (
				64D7F30225D15AB9004A27D1 /* SiteTableViewCell.swift */,
				64D7F30325D15AB9004A27D1 /* SiteTableViewCell.xib */,
			);
			path = cell;
			sourceTree = "<group>";
		};
		64DED77F25D530F000CE1DF6 /* presenters */ = {
			isa = PBXGroup;
			children = (
				64DED78125D5426F00CE1DF6 /* LoginPresenter.swift */,
				6477BE5325D67D44009B552B /* ListPresenter.swift */,
			);
			path = presenters;
			sourceTree = "<group>";
		};
		64DED78025D5310600CE1DF6 /* models */ = {
			isa = PBXGroup;
			children = (
				64BD011925DFB08C0060C58E /* Site.swift */,
				64BD011C25DFD5810060C58E /* SiteDetail.swift */,
			);
			path = models;
			sourceTree = "<group>";
		};
		A58E372DB4D16995CA9791CD /* Pods */ = {
			isa = PBXGroup;
			children = (
				387DFB836E44E37FAD0825EC /* Pods-Tutorial_iOS.debug.xcconfig */,
				675298423D6AD32681D1E4C1 /* Pods-Tutorial_iOS.release.xcconfig */,
			);
			name = Pods;
			path = Tutorial_iOS/Pods;
			sourceTree = "<group>";
		};
		D61F32AD66FD5585D3F7A285 /* Frameworks */ = {
			isa = PBXGroup;
			children = (
				E16BC493D5DB6C768E0633F6 /* Pods_Tutorial_iOS.framework */,
			);
			name = Frameworks;
			sourceTree = "<group>";
		};
/* End PBXGroup section */

/* Begin PBXNativeTarget section */
		640A336A25CD46CE00CDC698 /* Tutorial_iOS */ = {
			isa = PBXNativeTarget;
			buildConfigurationList = 640A337F25CD46D200CDC698 /* Build configuration list for PBXNativeTarget "Tutorial_iOS" */;
			buildPhases = (
				C2534FBDAD0AADFFECB2414B /* [CP] Check Pods Manifest.lock */,
				640A336725CD46CE00CDC698 /* Sources */,
				640A336825CD46CE00CDC698 /* Frameworks */,
				640A336925CD46CE00CDC698 /* Resources */,
				FFE6687C0191E56ECB9396F9 /* [CP] Embed Pods Frameworks */,
			);
			buildRules = (
			);
			dependencies = (
			);
			name = Tutorial_iOS;
			productName = Tutorial_iOS;
			productReference = 640A336B25CD46CE00CDC698 /* Tutorial_iOS.app */;
			productType = "com.apple.product-type.application";
		};
/* End PBXNativeTarget section */

/* Begin PBXProject section */
		640A336325CD46CE00CDC698 /* Project object */ = {
			isa = PBXProject;
			attributes = {
				LastSwiftUpdateCheck = 1230;
				LastUpgradeCheck = 1230;
				TargetAttributes = {
					640A336A25CD46CE00CDC698 = {
						CreatedOnToolsVersion = 12.3;
					};
				};
			};
			buildConfigurationList = 640A336625CD46CE00CDC698 /* Build configuration list for PBXProject "Tutorial_iOS" */;
			compatibilityVersion = "Xcode 9.3";
			developmentRegion = en;
			hasScannedForEncodings = 0;
			knownRegions = (
				en,
				Base,
			);
			mainGroup = 640A336225CD46CE00CDC698;
			productRefGroup = 640A336C25CD46CE00CDC698 /* Products */;
			projectDirPath = "";
			projectRoot = "";
			targets = (
				640A336A25CD46CE00CDC698 /* Tutorial_iOS */,
			);
		};
/* End PBXProject section */

/* Begin PBXResourcesBuildPhase section */
		640A336925CD46CE00CDC698 /* Resources */ = {
			isa = PBXResourcesBuildPhase;
			buildActionMask = 2147483647;
			files = (
				64998AA925DE893E0078B016 /* SecondScreenVC.xib in Resources */,
				64D7F2FE25D15A81004A27D1 /* ListVC.xib in Resources */,
				6461EC7025D12FFE0090B1DB /* LoginVC.xib in Resources */,
				640A337B25CD46D200CDC698 /* LaunchScreen.storyboard in Resources */,
				64B72A4A25D3EE7B0010D2DA /* SiteDetailVC.xib in Resources */,
				640A337825CD46D200CDC698 /* Assets.xcassets in Resources */,
				64D7F30525D15AB9004A27D1 /* SiteTableViewCell.xib in Resources */,
				640EE27925DD3DE500DC7E31 /* MapVC.xib in Resources */,
			);
			runOnlyForDeploymentPostprocessing = 0;
		};
/* End PBXResourcesBuildPhase section */

/* Begin PBXShellScriptBuildPhase section */
		C2534FBDAD0AADFFECB2414B /* [CP] Check Pods Manifest.lock */ = {
			isa = PBXShellScriptBuildPhase;
			buildActionMask = 2147483647;
			files = (
			);
			inputFileListPaths = (
			);
			inputPaths = (
				"${PODS_PODFILE_DIR_PATH}/Podfile.lock",
				"${PODS_ROOT}/Manifest.lock",
			);
			name = "[CP] Check Pods Manifest.lock";
			outputFileListPaths = (
			);
			outputPaths = (
				"$(DERIVED_FILE_DIR)/Pods-Tutorial_iOS-checkManifestLockResult.txt",
			);
			runOnlyForDeploymentPostprocessing = 0;
			shellPath = /bin/sh;
			shellScript = "diff \"${PODS_PODFILE_DIR_PATH}/Podfile.lock\" \"${PODS_ROOT}/Manifest.lock\" > /dev/null\nif [ $? != 0 ] ; then\n    # print error to STDERR\n    echo \"error: The sandbox is not in sync with the Podfile.lock. Run 'pod install' or update your CocoaPods installation.\" >&2\n    exit 1\nfi\n# This output is used by Xcode 'outputs' to avoid re-running this script phase.\necho \"SUCCESS\" > \"${SCRIPT_OUTPUT_FILE_0}\"\n";
			showEnvVarsInLog = 0;
		};
		FFE6687C0191E56ECB9396F9 /* [CP] Embed Pods Frameworks */ = {
			isa = PBXShellScriptBuildPhase;
			buildActionMask = 2147483647;
			files = (
			);
			inputFileListPaths = (
				"${PODS_ROOT}/Target Support Files/Pods-Tutorial_iOS/Pods-Tutorial_iOS-frameworks-${CONFIGURATION}-input-files.xcfilelist",
			);
			name = "[CP] Embed Pods Frameworks";
			outputFileListPaths = (
				"${PODS_ROOT}/Target Support Files/Pods-Tutorial_iOS/Pods-Tutorial_iOS-frameworks-${CONFIGURATION}-output-files.xcfilelist",
			);
			runOnlyForDeploymentPostprocessing = 0;
			shellPath = /bin/sh;
			shellScript = "\"${PODS_ROOT}/Target Support Files/Pods-Tutorial_iOS/Pods-Tutorial_iOS-frameworks.sh\"\n";
			showEnvVarsInLog = 0;
		};
/* End PBXShellScriptBuildPhase section */

/* Begin PBXSourcesBuildPhase section */
		640A336725CD46CE00CDC698 /* Sources */ = {
			isa = PBXSourcesBuildPhase;
			buildActionMask = 2147483647;
			files = (
				6477BE5425D67D44009B552B /* ListPresenter.swift in Sources */,
				64B72A4925D3EE7B0010D2DA /* SiteDetailVC.swift in Sources */,
				64D7F2FD25D15A81004A27D1 /* ListVC.swift in Sources */,
				649FFF0925DBC4B3002D615D /* LZViewPagerHeader.swift in Sources */,
				64998A9D25DE83B50078B016 /* SecondScreenVC.swift in Sources */,
				6461EC7C25D133A20090B1DB /* Navigator.swift in Sources */,
				649FFF0A25DBC4B3002D615D /* LZViewPagger.swift in Sources */,
				64DED78225D5426F00CE1DF6 /* LoginPresenter.swift in Sources */,
				640A338925CD52C000CDC698 /* Constants.swift in Sources */,
				64D7F30425D15AB9004A27D1 /* SiteTableViewCell.swift in Sources */,
				64BD011A25DFB08C0060C58E /* Site.swift in Sources */,
				64BD011D25DFD5810060C58E /* SiteDetail.swift in Sources */,
				640EE27825DD3DE500DC7E31 /* MapVC.swift in Sources */,
				649FFF0B25DBC4B3002D615D /* LZViewPagerContent.swift in Sources */,
				6461EC6F25D12FFE0090B1DB /* LoginVC.swift in Sources */,
				640A336F25CD46CE00CDC698 /* AppDelegate.swift in Sources */,
				640A338625CD529B00CDC698 /* Extensions.swift in Sources */,
			);
			runOnlyForDeploymentPostprocessing = 0;
		};
/* End PBXSourcesBuildPhase section */

/* Begin PBXVariantGroup section */
		640A337925CD46D200CDC698 /* LaunchScreen.storyboard */ = {
			isa = PBXVariantGroup;
			children = (
				640A337A25CD46D200CDC698 /* Base */,
			);
			name = LaunchScreen.storyboard;
			sourceTree = "<group>";
		};
/* End PBXVariantGroup section */

/* Begin XCBuildConfiguration section */
		640A337D25CD46D200CDC698 /* Debug */ = {
			isa = XCBuildConfiguration;
			buildSettings = {
				ALWAYS_SEARCH_USER_PATHS = NO;
				CLANG_ANALYZER_NONNULL = YES;
				CLANG_ANALYZER_NUMBER_OBJECT_CONVERSION = YES_AGGRESSIVE;
				CLANG_CXX_LANGUAGE_STANDARD = "gnu++14";
				CLANG_CXX_LIBRARY = "libc++";
				CLANG_ENABLE_MODULES = YES;
				CLANG_ENABLE_OBJC_ARC = YES;
				CLANG_ENABLE_OBJC_WEAK = YES;
				CLANG_WARN_BLOCK_CAPTURE_AUTORELEASING = YES;
				CLANG_WARN_BOOL_CONVERSION = YES;
				CLANG_WARN_COMMA = YES;
				CLANG_WARN_CONSTANT_CONVERSION = YES;
				CLANG_WARN_DEPRECATED_OBJC_IMPLEMENTATIONS = YES;
				CLANG_WARN_DIRECT_OBJC_ISA_USAGE = YES_ERROR;
				CLANG_WARN_DOCUMENTATION_COMMENTS = YES;
				CLANG_WARN_EMPTY_BODY = YES;
				CLANG_WARN_ENUM_CONVERSION = YES;
				CLANG_WARN_INFINITE_RECURSION = YES;
				CLANG_WARN_INT_CONVERSION = YES;
				CLANG_WARN_NON_LITERAL_NULL_CONVERSION = YES;
				CLANG_WARN_OBJC_IMPLICIT_RETAIN_SELF = YES;
				CLANG_WARN_OBJC_LITERAL_CONVERSION = YES;
				CLANG_WARN_OBJC_ROOT_CLASS = YES_ERROR;
				CLANG_WARN_QUOTED_INCLUDE_IN_FRAMEWORK_HEADER = YES;
				CLANG_WARN_RANGE_LOOP_ANALYSIS = YES;
				CLANG_WARN_STRICT_PROTOTYPES = YES;
				CLANG_WARN_SUSPICIOUS_MOVE = YES;
				CLANG_WARN_UNGUARDED_AVAILABILITY = YES_AGGRESSIVE;
				CLANG_WARN_UNREACHABLE_CODE = YES;
				CLANG_WARN__DUPLICATE_METHOD_MATCH = YES;
				COPY_PHASE_STRIP = NO;
				DEBUG_INFORMATION_FORMAT = dwarf;
				ENABLE_STRICT_OBJC_MSGSEND = YES;
				ENABLE_TESTABILITY = YES;
				GCC_C_LANGUAGE_STANDARD = gnu11;
				GCC_DYNAMIC_NO_PIC = NO;
				GCC_NO_COMMON_BLOCKS = YES;
				GCC_OPTIMIZATION_LEVEL = 0;
				GCC_PREPROCESSOR_DEFINITIONS = (
					"DEBUG=1",
					"$(inherited)",
				);
				GCC_WARN_64_TO_32_BIT_CONVERSION = YES;
				GCC_WARN_ABOUT_RETURN_TYPE = YES_ERROR;
				GCC_WARN_UNDECLARED_SELECTOR = YES;
				GCC_WARN_UNINITIALIZED_AUTOS = YES_AGGRESSIVE;
				GCC_WARN_UNUSED_FUNCTION = YES;
				GCC_WARN_UNUSED_VARIABLE = YES;
				IPHONEOS_DEPLOYMENT_TARGET = 14.3;
				MTL_ENABLE_DEBUG_INFO = INCLUDE_SOURCE;
				MTL_FAST_MATH = YES;
				ONLY_ACTIVE_ARCH = YES;
				SDKROOT = iphoneos;
				SWIFT_ACTIVE_COMPILATION_CONDITIONS = DEBUG;
				SWIFT_OPTIMIZATION_LEVEL = "-Onone";
			};
			name = Debug;
		};
		640A337E25CD46D200CDC698 /* Release */ = {
			isa = XCBuildConfiguration;
			buildSettings = {
				ALWAYS_SEARCH_USER_PATHS = NO;
				CLANG_ANALYZER_NONNULL = YES;
				CLANG_ANALYZER_NUMBER_OBJECT_CONVERSION = YES_AGGRESSIVE;
				CLANG_CXX_LANGUAGE_STANDARD = "gnu++14";
				CLANG_CXX_LIBRARY = "libc++";
				CLANG_ENABLE_MODULES = YES;
				CLANG_ENABLE_OBJC_ARC = YES;
				CLANG_ENABLE_OBJC_WEAK = YES;
				CLANG_WARN_BLOCK_CAPTURE_AUTORELEASING = YES;
				CLANG_WARN_BOOL_CONVERSION = YES;
				CLANG_WARN_COMMA = YES;
				CLANG_WARN_CONSTANT_CONVERSION = YES;
				CLANG_WARN_DEPRECATED_OBJC_IMPLEMENTATIONS = YES;
				CLANG_WARN_DIRECT_OBJC_ISA_USAGE = YES_ERROR;
				CLANG_WARN_DOCUMENTATION_COMMENTS = YES;
				CLANG_WARN_EMPTY_BODY = YES;
				CLANG_WARN_ENUM_CONVERSION = YES;
				CLANG_WARN_INFINITE_RECURSION = YES;
				CLANG_WARN_INT_CONVERSION = YES;
				CLANG_WARN_NON_LITERAL_NULL_CONVERSION = YES;
				CLANG_WARN_OBJC_IMPLICIT_RETAIN_SELF = YES;
				CLANG_WARN_OBJC_LITERAL_CONVERSION = YES;
				CLANG_WARN_OBJC_ROOT_CLASS = YES_ERROR;
				CLANG_WARN_QUOTED_INCLUDE_IN_FRAMEWORK_HEADER = YES;
				CLANG_WARN_RANGE_LOOP_ANALYSIS = YES;
				CLANG_WARN_STRICT_PROTOTYPES = YES;
				CLANG_WARN_SUSPICIOUS_MOVE = YES;
				CLANG_WARN_UNGUARDED_AVAILABILITY = YES_AGGRESSIVE;
				CLANG_WARN_UNREACHABLE_CODE = YES;
				CLANG_WARN__DUPLICATE_METHOD_MATCH = YES;
				COPY_PHASE_STRIP = NO;
				DEBUG_INFORMATION_FORMAT = "dwarf-with-dsym";
				ENABLE_NS_ASSERTIONS = NO;
				ENABLE_STRICT_OBJC_MSGSEND = YES;
				GCC_C_LANGUAGE_STANDARD = gnu11;
				GCC_NO_COMMON_BLOCKS = YES;
				GCC_WARN_64_TO_32_BIT_CONVERSION = YES;
				GCC_WARN_ABOUT_RETURN_TYPE = YES_ERROR;
				GCC_WARN_UNDECLARED_SELECTOR = YES;
				GCC_WARN_UNINITIALIZED_AUTOS = YES_AGGRESSIVE;
				GCC_WARN_UNUSED_FUNCTION = YES;
				GCC_WARN_UNUSED_VARIABLE = YES;
				IPHONEOS_DEPLOYMENT_TARGET = 14.3;
				MTL_ENABLE_DEBUG_INFO = NO;
				MTL_FAST_MATH = YES;
				SDKROOT = iphoneos;
				SWIFT_COMPILATION_MODE = wholemodule;
				SWIFT_OPTIMIZATION_LEVEL = "-O";
				VALIDATE_PRODUCT = YES;
			};
			name = Release;
		};
		640A338025CD46D200CDC698 /* Debug */ = {
			isa = XCBuildConfiguration;
			baseConfigurationReference = 387DFB836E44E37FAD0825EC /* Pods-Tutorial_iOS.debug.xcconfig */;
			buildSettings = {
				ASSETCATALOG_COMPILER_APPICON_NAME = AppIcon;
				ASSETCATALOG_COMPILER_GLOBAL_ACCENT_COLOR_NAME = AccentColor;
				CODE_SIGN_STYLE = Automatic;
				INFOPLIST_FILE = Tutorial_iOS/Info.plist;
				LD_RUNPATH_SEARCH_PATHS = (
					"$(inherited)",
					"@executable_path/Frameworks",
				);
				PRODUCT_BUNDLE_IDENTIFIER = "com.Tutorial-iOS";
				PRODUCT_NAME = "$(TARGET_NAME)";
				SWIFT_VERSION = 5.0;
				TARGETED_DEVICE_FAMILY = "1,2";
			};
			name = Debug;
		};
		640A338125CD46D200CDC698 /* Release */ = {
			isa = XCBuildConfiguration;
			baseConfigurationReference = 675298423D6AD32681D1E4C1 /* Pods-Tutorial_iOS.release.xcconfig */;
			buildSettings = {
				ASSETCATALOG_COMPILER_APPICON_NAME = AppIcon;
				ASSETCATALOG_COMPILER_GLOBAL_ACCENT_COLOR_NAME = AccentColor;
				CODE_SIGN_STYLE = Automatic;
				INFOPLIST_FILE = Tutorial_iOS/Info.plist;
				LD_RUNPATH_SEARCH_PATHS = (
					"$(inherited)",
					"@executable_path/Frameworks",
				);
				PRODUCT_BUNDLE_IDENTIFIER = "com.Tutorial-iOS";
				PRODUCT_NAME = "$(TARGET_NAME)";
				SWIFT_VERSION = 5.0;
				TARGETED_DEVICE_FAMILY = "1,2";
			};
			name = Release;
		};
/* End XCBuildConfiguration section */

/* Begin XCConfigurationList section */
		640A336625CD46CE00CDC698 /* Build configuration list for PBXProject "Tutorial_iOS" */ = {
			isa = XCConfigurationList;
			buildConfigurations = (
				640A337D25CD46D200CDC698 /* Debug */,
				640A337E25CD46D200CDC698 /* Release */,
			);
			defaultConfigurationIsVisible = 0;
			defaultConfigurationName = Release;
		};
		640A337F25CD46D200CDC698 /* Build configuration list for PBXNativeTarget "Tutorial_iOS" */ = {
			isa = XCConfigurationList;
			buildConfigurations = (
				640A338025CD46D200CDC698 /* Debug */,
				640A338125CD46D200CDC698 /* Release */,
			);
			defaultConfigurationIsVisible = 0;
			defaultConfigurationName = Release;
		};
/* End XCConfigurationList section */
	};
	rootObject = 640A336325CD46CE00CDC698 /* Project object */;
}
